
Microsoft Visual Studio Solution File, Format Version 12.00
# Visual Studio Version 17
VisualStudioVersion = 17.3.32611.2
MinimumVisualStudioVersion = 10.0.40219.1
Project("{9A19103F-16F7-4668-BE54-9A1E7A4F7556}") = "DBQuery", "DBQuery.csproj", "{FCAB0966-847D-4FA3-8380-E38F3A5C89F7}"
EndProject
Global
	GlobalSection(SolutionConfigurationPlatforms) = preSolution
		Debug|Any CPU = Debug|Any CPU
		Release|Any CPU = Release|Any CPU
	EndGlobalSection
	GlobalSection(ProjectConfigurationPlatforms) = postSolution
		{FCAB0966-847D-4FA3-8380-E38F3A5C89F7}.Debug|Any CPU.ActiveCfg = Debug|Any CPU
		{FCAB0966-847D-4FA3-8380-E38F3A5C89F7}.Debug|Any CPU.Build.0 = Debug|Any CPU
		{FCAB0966-847D-4FA3-8380-E38F3A5C89F7}.Release|Any CPU.ActiveCfg = Release|Any CPU
		{FCAB0966-847D-4FA3-8380-E38F3A5C89F7}.Release|Any CPU.Build.0 = Release|Any CPU
	EndGlobalSection
	GlobalSection(SolutionProperties) = preSolution
		HideSolutionNode = FALSE
	EndGlobalSection
	GlobalSection(ExtensibilityGlobals) = postSolution
		SolutionGuid = {377A1303-FB0A-4B13-A293-97C7CBAF0099}
	EndGlobalSection
EndGlobal
